
Microsoft Visual Studio Solution File, Format Version 12.00
# Visual Studio Version 17
VisualStudioVersion = 17.9.34723.18
MinimumVisualStudioVersion = 10.0.40219.1
Project("{9A19103F-16F7-4668-BE54-9A1E7A4F7556}") = "TheGameBotDaemon", "TheGameBotDaemon\TheGameBotDaemon.csproj", "{85331E12-B630-434E-9DB1-1F5CD6DAE822}"
EndProject
Project("{9A19103F-16F7-4668-BE54-9A1E7A4F7556}") = "LoginService", "LoginService\LoginService.csproj", "{35F8C151-003D-4C69-BD51-47699B871701}"
EndProject
Project("{9A19103F-16F7-4668-BE54-9A1E7A4F7556}") = "LoginDbContext", "LoginDbContext\LoginDbContext.csproj", "{6E5ED4F4-0E31-4DDF-A881-CE2186A664BA}"
EndProject
Project("{9A19103F-16F7-4668-BE54-9A1E7A4F7556}") = "FriendService", "FriendService\FriendService.csproj", "{60F90107-2FBD-4130-8F14-71B3CBBC617C}"
EndProject
Project("{9A19103F-16F7-4668-BE54-9A1E7A4F7556}") = "FriendDbContex", "FriendDbContex\FriendDbContex.csproj", "{F3741141-A9D6-4734-8895-D38F2CF6E93A}"
EndProject
Project("{2150E333-8FDC-42A3-9474-1A3956D46DE8}") = "Services", "Services", "{287B91EA-E1C0-49F1-9305-8A12D080E56A}"
EndProject
Project("{2150E333-8FDC-42A3-9474-1A3956D46DE8}") = "Login", "Login", "{2B2C180E-0E7A-49C0-8C20-DACDD8B7C249}"
EndProject
Project("{2150E333-8FDC-42A3-9474-1A3956D46DE8}") = "Friend", "Friend", "{920F15F2-22CF-4CF9-9F1F-8E09FD30F26D}"
EndProject
Project("{2150E333-8FDC-42A3-9474-1A3956D46DE8}") = "Statistic", "Statistic", "{3A22DB6C-2F2C-472C-8DD9-6A5C69E7B16E}"
EndProject
Project("{9A19103F-16F7-4668-BE54-9A1E7A4F7556}") = "StatisticDbContext", "StatisticDbContext\StatisticDbContext.csproj", "{889DBB1E-79C7-414D-BACC-0883A5A4264F}"
EndProject
Project("{9A19103F-16F7-4668-BE54-9A1E7A4F7556}") = "QueueService", "QueueService\QueueService.csproj", "{74DF2608-67A8-42A1-BCF6-8E80E3B01918}"
EndProject
Project("{9A19103F-16F7-4668-BE54-9A1E7A4F7556}") = "ExchangeData", "ExchangeData\ExchangeData.csproj", "{8A9A9780-510C-4666-85FA-E080592A46E8}"
EndProject
Project("{9A19103F-16F7-4668-BE54-9A1E7A4F7556}") = "InnerTokenService", "InnerTokenService\InnerTokenService.csproj", "{F7759E5F-0022-4044-A82A-20C87F512DBF}"
EndProject
Project("{9A19103F-16F7-4668-BE54-9A1E7A4F7556}") = "InnerApiLib", "InnerApiLib\InnerApiLib.csproj", "{CCC4622A-628E-48BB-8E0D-C348B313C9D7}"
EndProject
Project("{9A19103F-16F7-4668-BE54-9A1E7A4F7556}") = "StatisticService", "StatisticService\StatisticService.csproj", "{2461736A-93AF-4E4B-B8E8-ED2EAA4E6F5B}"
EndProject
Project("{2150E333-8FDC-42A3-9474-1A3956D46DE8}") = "Hunting", "Hunting", "{65F5BC2D-9BFA-4F07-8533-B5CCDF65A7E3}"
EndProject
Project("{9A19103F-16F7-4668-BE54-9A1E7A4F7556}") = "HuntingService", "HuntingService\HuntingService.csproj", "{023549CF-2DC0-4482-8B01-E491F25550E4}"
EndProject
Project("{9A19103F-16F7-4668-BE54-9A1E7A4F7556}") = "CommonLibs", "CommonFilters\CommonLibs.csproj", "{D4215B5E-4182-4CE3-AEC6-AC0652483D31}"
EndProject
Project("{9A19103F-16F7-4668-BE54-9A1E7A4F7556}") = "HuntingDbContext", "HuntingDbContext\HuntingDbContext.csproj", "{C29F027D-B207-43F1-99D0-47D07C072FF4}"
EndProject
Project("{2150E333-8FDC-42A3-9474-1A3956D46DE8}") = "Элементы решения", "Элементы решения", "{DB01BE2E-3A7E-4487-B478-02908852809D}"
	ProjectSection(SolutionItems) = preProject
		README.md = README.md
		README_RU.md = README_RU.md
	EndProjectSection
EndProject
Project("{2150E333-8FDC-42A3-9474-1A3956D46DE8}") = "InnerToken", "InnerToken", "{E26894C4-78D1-4C59-9D9D-5181EF5E4A23}"
EndProject
Global
	GlobalSection(SolutionConfigurationPlatforms) = preSolution
		Debug|Any CPU = Debug|Any CPU
		Release|Any CPU = Release|Any CPU
	EndGlobalSection
	GlobalSection(ProjectConfigurationPlatforms) = postSolution
		{85331E12-B630-434E-9DB1-1F5CD6DAE822}.Debug|Any CPU.ActiveCfg = Debug|Any CPU
		{85331E12-B630-434E-9DB1-1F5CD6DAE822}.Debug|Any CPU.Build.0 = Debug|Any CPU
		{85331E12-B630-434E-9DB1-1F5CD6DAE822}.Release|Any CPU.ActiveCfg = Release|Any CPU
		{85331E12-B630-434E-9DB1-1F5CD6DAE822}.Release|Any CPU.Build.0 = Release|Any CPU
		{35F8C151-003D-4C69-BD51-47699B871701}.Debug|Any CPU.ActiveCfg = Debug|Any CPU
		{35F8C151-003D-4C69-BD51-47699B871701}.Debug|Any CPU.Build.0 = Debug|Any CPU
		{35F8C151-003D-4C69-BD51-47699B871701}.Release|Any CPU.ActiveCfg = Release|Any CPU
		{35F8C151-003D-4C69-BD51-47699B871701}.Release|Any CPU.Build.0 = Release|Any CPU
		{6E5ED4F4-0E31-4DDF-A881-CE2186A664BA}.Debug|Any CPU.ActiveCfg = Debug|Any CPU
		{6E5ED4F4-0E31-4DDF-A881-CE2186A664BA}.Debug|Any CPU.Build.0 = Debug|Any CPU
		{6E5ED4F4-0E31-4DDF-A881-CE2186A664BA}.Release|Any CPU.ActiveCfg = Release|Any CPU
		{6E5ED4F4-0E31-4DDF-A881-CE2186A664BA}.Release|Any CPU.Build.0 = Release|Any CPU
		{60F90107-2FBD-4130-8F14-71B3CBBC617C}.Debug|Any CPU.ActiveCfg = Debug|Any CPU
		{60F90107-2FBD-4130-8F14-71B3CBBC617C}.Debug|Any CPU.Build.0 = Debug|Any CPU
		{60F90107-2FBD-4130-8F14-71B3CBBC617C}.Release|Any CPU.ActiveCfg = Release|Any CPU
		{60F90107-2FBD-4130-8F14-71B3CBBC617C}.Release|Any CPU.Build.0 = Release|Any CPU
		{F3741141-A9D6-4734-8895-D38F2CF6E93A}.Debug|Any CPU.ActiveCfg = Debug|Any CPU
		{F3741141-A9D6-4734-8895-D38F2CF6E93A}.Debug|Any CPU.Build.0 = Debug|Any CPU
		{F3741141-A9D6-4734-8895-D38F2CF6E93A}.Release|Any CPU.ActiveCfg = Release|Any CPU
		{F3741141-A9D6-4734-8895-D38F2CF6E93A}.Release|Any CPU.Build.0 = Release|Any CPU
		{889DBB1E-79C7-414D-BACC-0883A5A4264F}.Debug|Any CPU.ActiveCfg = Debug|Any CPU
		{889DBB1E-79C7-414D-BACC-0883A5A4264F}.Debug|Any CPU.Build.0 = Debug|Any CPU
		{889DBB1E-79C7-414D-BACC-0883A5A4264F}.Release|Any CPU.ActiveCfg = Release|Any CPU
		{889DBB1E-79C7-414D-BACC-0883A5A4264F}.Release|Any CPU.Build.0 = Release|Any CPU
		{74DF2608-67A8-42A1-BCF6-8E80E3B01918}.Debug|Any CPU.ActiveCfg = Debug|Any CPU
		{74DF2608-67A8-42A1-BCF6-8E80E3B01918}.Debug|Any CPU.Build.0 = Debug|Any CPU
		{74DF2608-67A8-42A1-BCF6-8E80E3B01918}.Release|Any CPU.ActiveCfg = Release|Any CPU
		{74DF2608-67A8-42A1-BCF6-8E80E3B01918}.Release|Any CPU.Build.0 = Release|Any CPU
		{8A9A9780-510C-4666-85FA-E080592A46E8}.Debug|Any CPU.ActiveCfg = Debug|Any CPU
		{8A9A9780-510C-4666-85FA-E080592A46E8}.Debug|Any CPU.Build.0 = Debug|Any CPU
		{8A9A9780-510C-4666-85FA-E080592A46E8}.Release|Any CPU.ActiveCfg = Release|Any CPU
		{8A9A9780-510C-4666-85FA-E080592A46E8}.Release|Any CPU.Build.0 = Release|Any CPU
		{F7759E5F-0022-4044-A82A-20C87F512DBF}.Debug|Any CPU.ActiveCfg = Debug|Any CPU
		{F7759E5F-0022-4044-A82A-20C87F512DBF}.Debug|Any CPU.Build.0 = Debug|Any CPU
		{F7759E5F-0022-4044-A82A-20C87F512DBF}.Release|Any CPU.ActiveCfg = Release|Any CPU
		{F7759E5F-0022-4044-A82A-20C87F512DBF}.Release|Any CPU.Build.0 = Release|Any CPU
		{CCC4622A-628E-48BB-8E0D-C348B313C9D7}.Debug|Any CPU.ActiveCfg = Debug|Any CPU
		{CCC4622A-628E-48BB-8E0D-C348B313C9D7}.Debug|Any CPU.Build.0 = Debug|Any CPU
		{CCC4622A-628E-48BB-8E0D-C348B313C9D7}.Release|Any CPU.ActiveCfg = Release|Any CPU
		{CCC4622A-628E-48BB-8E0D-C348B313C9D7}.Release|Any CPU.Build.0 = Release|Any CPU
		{2461736A-93AF-4E4B-B8E8-ED2EAA4E6F5B}.Debug|Any CPU.ActiveCfg = Debug|Any CPU
		{2461736A-93AF-4E4B-B8E8-ED2EAA4E6F5B}.Debug|Any CPU.Build.0 = Debug|Any CPU
		{2461736A-93AF-4E4B-B8E8-ED2EAA4E6F5B}.Release|Any CPU.ActiveCfg = Release|Any CPU
		{2461736A-93AF-4E4B-B8E8-ED2EAA4E6F5B}.Release|Any CPU.Build.0 = Release|Any CPU
		{023549CF-2DC0-4482-8B01-E491F25550E4}.Debug|Any CPU.ActiveCfg = Debug|Any CPU
		{023549CF-2DC0-4482-8B01-E491F25550E4}.Debug|Any CPU.Build.0 = Debug|Any CPU
		{023549CF-2DC0-4482-8B01-E491F25550E4}.Release|Any CPU.ActiveCfg = Release|Any CPU
		{023549CF-2DC0-4482-8B01-E491F25550E4}.Release|Any CPU.Build.0 = Release|Any CPU
		{D4215B5E-4182-4CE3-AEC6-AC0652483D31}.Debug|Any CPU.ActiveCfg = Debug|Any CPU
		{D4215B5E-4182-4CE3-AEC6-AC0652483D31}.Debug|Any CPU.Build.0 = Debug|Any CPU
		{D4215B5E-4182-4CE3-AEC6-AC0652483D31}.Release|Any CPU.ActiveCfg = Release|Any CPU
		{D4215B5E-4182-4CE3-AEC6-AC0652483D31}.Release|Any CPU.Build.0 = Release|Any CPU
		{C29F027D-B207-43F1-99D0-47D07C072FF4}.Debug|Any CPU.ActiveCfg = Debug|Any CPU
		{C29F027D-B207-43F1-99D0-47D07C072FF4}.Debug|Any CPU.Build.0 = Debug|Any CPU
		{C29F027D-B207-43F1-99D0-47D07C072FF4}.Release|Any CPU.ActiveCfg = Release|Any CPU
		{C29F027D-B207-43F1-99D0-47D07C072FF4}.Release|Any CPU.Build.0 = Release|Any CPU
	EndGlobalSection
	GlobalSection(SolutionProperties) = preSolution
		HideSolutionNode = FALSE
	EndGlobalSection
	GlobalSection(NestedProjects) = preSolution
		{35F8C151-003D-4C69-BD51-47699B871701} = {2B2C180E-0E7A-49C0-8C20-DACDD8B7C249}
		{6E5ED4F4-0E31-4DDF-A881-CE2186A664BA} = {2B2C180E-0E7A-49C0-8C20-DACDD8B7C249}
		{60F90107-2FBD-4130-8F14-71B3CBBC617C} = {920F15F2-22CF-4CF9-9F1F-8E09FD30F26D}
		{F3741141-A9D6-4734-8895-D38F2CF6E93A} = {920F15F2-22CF-4CF9-9F1F-8E09FD30F26D}
		{2B2C180E-0E7A-49C0-8C20-DACDD8B7C249} = {287B91EA-E1C0-49F1-9305-8A12D080E56A}
		{920F15F2-22CF-4CF9-9F1F-8E09FD30F26D} = {287B91EA-E1C0-49F1-9305-8A12D080E56A}
		{3A22DB6C-2F2C-472C-8DD9-6A5C69E7B16E} = {287B91EA-E1C0-49F1-9305-8A12D080E56A}
		{889DBB1E-79C7-414D-BACC-0883A5A4264F} = {3A22DB6C-2F2C-472C-8DD9-6A5C69E7B16E}
		{74DF2608-67A8-42A1-BCF6-8E80E3B01918} = {287B91EA-E1C0-49F1-9305-8A12D080E56A}
		{8A9A9780-510C-4666-85FA-E080592A46E8} = {287B91EA-E1C0-49F1-9305-8A12D080E56A}
		{F7759E5F-0022-4044-A82A-20C87F512DBF} = {E26894C4-78D1-4C59-9D9D-5181EF5E4A23}
		{CCC4622A-628E-48BB-8E0D-C348B313C9D7} = {287B91EA-E1C0-49F1-9305-8A12D080E56A}
		{2461736A-93AF-4E4B-B8E8-ED2EAA4E6F5B} = {3A22DB6C-2F2C-472C-8DD9-6A5C69E7B16E}
		{65F5BC2D-9BFA-4F07-8533-B5CCDF65A7E3} = {287B91EA-E1C0-49F1-9305-8A12D080E56A}
		{023549CF-2DC0-4482-8B01-E491F25550E4} = {65F5BC2D-9BFA-4F07-8533-B5CCDF65A7E3}
		{D4215B5E-4182-4CE3-AEC6-AC0652483D31} = {287B91EA-E1C0-49F1-9305-8A12D080E56A}
		{C29F027D-B207-43F1-99D0-47D07C072FF4} = {65F5BC2D-9BFA-4F07-8533-B5CCDF65A7E3}
		{E26894C4-78D1-4C59-9D9D-5181EF5E4A23} = {287B91EA-E1C0-49F1-9305-8A12D080E56A}
	EndGlobalSection
	GlobalSection(ExtensibilityGlobals) = postSolution
		SolutionGuid = {7AA5DB8A-0D1B-4C7C-A068-DC74DB56360E}
	EndGlobalSection
EndGlobal
